{
  "name": "3.8",
  "lockfileVersion": 2,
  "requires": true,
  "packages": {
    "": {
      "dependencies": {
        "types-registry": "^0.1.619"
      }
    },
    "node_modules/types-registry": {
      "version": "0.1.619",
      "resolved": "https://registry.npmjs.org/types-registry/-/types-registry-0.1.619.tgz",
      "integrity": "sha512-gYudf2/94KILe5zTJXwkGZX0CH/PnScohDvpAZm5AUJiTDUjs6fcMDUHHEabwf9lrJJ25DTwPvXMMC2dV5YTTA=="
    }
  },
  "dependencies": {
    "types-registry": {
      "version": "0.1.619",
      "resolved": "https://registry.npmjs.org/types-registry/-/types-registry-0.1.619.tgz",
      "integrity": "sha512-gYudf2/94KILe5zTJXwkGZX0CH/PnScohDvpAZm5AUJiTDUjs6fcMDUHHEabwf9lrJJ25DTwPvXMMC2dV5YTTA=="
    }
  }
}
